
Microsoft Visual Studio Solution File, Format Version 12.00
# Visual Studio Version 17
VisualStudioVersion = 17.10.34928.147
MinimumVisualStudioVersion = 10.0.40219.1
Project("{F184B08F-C81C-45F6-A57F-5ABD9991F28F}") = "UnPack", "UnPack\UnPack.vbproj", "{75FDAA3F-54BD-4E39-B835-2630E13C396D}"
EndProject
Global
	GlobalSection(SolutionConfigurationPlatforms) = preSolution
		Debug|Any CPU = Debug|Any CPU
		Release|Any CPU = Release|Any CPU
	EndGlobalSection
	GlobalSection(ProjectConfigurationPlatforms) = postSolution
		{75FDAA3F-54BD-4E39-B835-2630E13C396D}.Debug|Any CPU.ActiveCfg = Debug|Any CPU
		{75FDAA3F-54BD-4E39-B835-2630E13C396D}.Debug|Any CPU.Build.0 = Debug|Any CPU
		{75FDAA3F-54BD-4E39-B835-2630E13C396D}.Release|Any CPU.ActiveCfg = Release|Any CPU
		{75FDAA3F-54BD-4E39-B835-2630E13C396D}.Release|Any CPU.Build.0 = Release|Any CPU
	EndGlobalSection
	GlobalSection(SolutionProperties) = preSolution
		HideSolutionNode = FALSE
	EndGlobalSection
	GlobalSection(ExtensibilityGlobals) = postSolution
		SolutionGuid = {CD5C9908-116F-4BA5-8488-1E82EFE42A20}
	EndGlobalSection
EndGlobal
